
Microsoft Visual Studio Solution File, Format Version 12.00
# Visual Studio Version 16
VisualStudioVersion = 16.0.30919.223
MinimumVisualStudioVersion = 10.0.40219.1
Project("{6EC3EE1D-3C4E-46DD-8F32-0CC8E7565705}") = "AaronPowell.RestreamIO", "AaronPowell.RestreamIO\AaronPowell.RestreamIO.fsproj", "{F9FACCBE-405E-416A-BCC2-6231D73D7C3A}"
EndProject
Project("{9A19103F-16F7-4668-BE54-9A1E7A4F7556}") = "AaronPowell.RestreamIO.LoginCallback", "AaronPowell.RestreamIO.LoginCallback\AaronPowell.RestreamIO.LoginCallback.csproj", "{ABAACBEA-54C8-4376-BA8E-DDBAFD848693}"
EndProject
Project("{2150E333-8FDC-42A3-9474-1A3956D46DE8}") = "GlobalItems", "GlobalItems", "{77E0D450-C642-4726-B538-876D37429EA1}"
	ProjectSection(SolutionItems) = preProject
		.gitignore = .gitignore
		build.fsx = build.fsx
		License.md = License.md
		README.md = README.md
	EndProjectSection
EndProject
Project("{6EC3EE1D-3C4E-46DD-8F32-0CC8E7565705}") = "AaronPowell.RestreamIO.StreamDeck", "AaronPowell.RestreamIO.StreamDeck\AaronPowell.RestreamIO.StreamDeck.fsproj", "{D74600AB-13FE-4ACF-9DDA-5008A215EF2F}"
EndProject
Global
	GlobalSection(SolutionConfigurationPlatforms) = preSolution
		Debug|Any CPU = Debug|Any CPU
		Release|Any CPU = Release|Any CPU
	EndGlobalSection
	GlobalSection(ProjectConfigurationPlatforms) = postSolution
		{F9FACCBE-405E-416A-BCC2-6231D73D7C3A}.Debug|Any CPU.ActiveCfg = Debug|Any CPU
		{F9FACCBE-405E-416A-BCC2-6231D73D7C3A}.Debug|Any CPU.Build.0 = Debug|Any CPU
		{F9FACCBE-405E-416A-BCC2-6231D73D7C3A}.Release|Any CPU.ActiveCfg = Release|Any CPU
		{F9FACCBE-405E-416A-BCC2-6231D73D7C3A}.Release|Any CPU.Build.0 = Release|Any CPU
		{ABAACBEA-54C8-4376-BA8E-DDBAFD848693}.Debug|Any CPU.ActiveCfg = Debug|Any CPU
		{ABAACBEA-54C8-4376-BA8E-DDBAFD848693}.Debug|Any CPU.Build.0 = Debug|Any CPU
		{ABAACBEA-54C8-4376-BA8E-DDBAFD848693}.Release|Any CPU.ActiveCfg = Release|Any CPU
		{ABAACBEA-54C8-4376-BA8E-DDBAFD848693}.Release|Any CPU.Build.0 = Release|Any CPU
		{D74600AB-13FE-4ACF-9DDA-5008A215EF2F}.Debug|Any CPU.ActiveCfg = Debug|Any CPU
		{D74600AB-13FE-4ACF-9DDA-5008A215EF2F}.Debug|Any CPU.Build.0 = Debug|Any CPU
		{D74600AB-13FE-4ACF-9DDA-5008A215EF2F}.Release|Any CPU.ActiveCfg = Release|Any CPU
		{D74600AB-13FE-4ACF-9DDA-5008A215EF2F}.Release|Any CPU.Build.0 = Release|Any CPU
	EndGlobalSection
	GlobalSection(SolutionProperties) = preSolution
		HideSolutionNode = FALSE
	EndGlobalSection
	GlobalSection(ExtensibilityGlobals) = postSolution
		SolutionGuid = {0B76E7D1-6463-4B13-8A39-A7EC9319C137}
	EndGlobalSection
EndGlobal
